
Microsoft Visual Studio Solution File, Format Version 12.00
# Visual Studio Version 16
VisualStudioVersion = 16.0.30413.136
MinimumVisualStudioVersion = 10.0.40219.1
Project("{9A19103F-16F7-4668-BE54-9A1E7A4F7556}") = "OpenAccount", "OpenAccount\OpenAccount.csproj", "{75B02F9D-607D-4673-A4B2-7F201ADC85FC}"
EndProject
Project("{FAE04EC0-301F-11D3-BF4B-00C04F79EFBC}") = "PrintingServerA4", "PrintingServerA4\PrintingServerA4.csproj", "{3B9699BC-E36C-4018-8F5D-D748CCB4B178}"
EndProject
Global
	GlobalSection(SolutionConfigurationPlatforms) = preSolution
		Debug|Any CPU = Debug|Any CPU
		Release|Any CPU = Release|Any CPU
	EndGlobalSection
	GlobalSection(ProjectConfigurationPlatforms) = postSolution
		{75B02F9D-607D-4673-A4B2-7F201ADC85FC}.Debug|Any CPU.ActiveCfg = Debug|Any CPU
		{75B02F9D-607D-4673-A4B2-7F201ADC85FC}.Debug|Any CPU.Build.0 = Debug|Any CPU
		{75B02F9D-607D-4673-A4B2-7F201ADC85FC}.Release|Any CPU.ActiveCfg = Release|Any CPU
		{75B02F9D-607D-4673-A4B2-7F201ADC85FC}.Release|Any CPU.Build.0 = Release|Any CPU
		{3B9699BC-E36C-4018-8F5D-D748CCB4B178}.Debug|Any CPU.ActiveCfg = Debug|Any CPU
		{3B9699BC-E36C-4018-8F5D-D748CCB4B178}.Debug|Any CPU.Build.0 = Debug|Any CPU
		{3B9699BC-E36C-4018-8F5D-D748CCB4B178}.Release|Any CPU.ActiveCfg = Release|Any CPU
		{3B9699BC-E36C-4018-8F5D-D748CCB4B178}.Release|Any CPU.Build.0 = Release|Any CPU
	EndGlobalSection
	GlobalSection(SolutionProperties) = preSolution
		HideSolutionNode = FALSE
	EndGlobalSection
	GlobalSection(ExtensibilityGlobals) = postSolution
		SolutionGuid = {6F803B85-727A-4742-8710-BA6636991EFA}
	EndGlobalSection
EndGlobal
