
Microsoft Visual Studio Solution File, Format Version 12.00
# Visual Studio Version 16
VisualStudioVersion = 16.0.30413.136
MinimumVisualStudioVersion = 10.0.40219.1
Project("{9A19103F-16F7-4668-BE54-9A1E7A4F7556}") = "OpenAccount", "OpenAccount\OpenAccount.csproj", "{75B02F9D-607D-4673-A4B2-7F201ADC85FC}"
EndProject
Project("{FAE04EC0-301F-11D3-BF4B-00C04F79EFBC}") = "FormSignPad", "FormSignPad\FormSignPad.csproj", "{9225D1B3-3538-4EDC-A062-6FFB6949A4FB}"
EndProject
Project("{FAE04EC0-301F-11D3-BF4B-00C04F79EFBC}") = "Print PDF", "Print PDF\Print PDF.csproj", "{9D5F1D9F-D12F-486D-AEC7-70F83657CA63}"
EndProject
Project("{FAE04EC0-301F-11D3-BF4B-00C04F79EFBC}") = "PrintServerA4", "PrintServerA4\PrintServerA4.csproj", "{D56A8843-0C25-41D0-9E16-AF2794873ADB}"
EndProject
Global
	GlobalSection(SolutionConfigurationPlatforms) = preSolution
		Debug|Any CPU = Debug|Any CPU
		Release|Any CPU = Release|Any CPU
	EndGlobalSection
	GlobalSection(ProjectConfigurationPlatforms) = postSolution
		{75B02F9D-607D-4673-A4B2-7F201ADC85FC}.Debug|Any CPU.ActiveCfg = Debug|Any CPU
		{75B02F9D-607D-4673-A4B2-7F201ADC85FC}.Debug|Any CPU.Build.0 = Debug|Any CPU
		{75B02F9D-607D-4673-A4B2-7F201ADC85FC}.Release|Any CPU.ActiveCfg = Release|Any CPU
		{75B02F9D-607D-4673-A4B2-7F201ADC85FC}.Release|Any CPU.Build.0 = Release|Any CPU
		{9225D1B3-3538-4EDC-A062-6FFB6949A4FB}.Debug|Any CPU.ActiveCfg = Debug|Any CPU
		{9225D1B3-3538-4EDC-A062-6FFB6949A4FB}.Debug|Any CPU.Build.0 = Debug|Any CPU
		{9225D1B3-3538-4EDC-A062-6FFB6949A4FB}.Release|Any CPU.ActiveCfg = Release|Any CPU
		{9225D1B3-3538-4EDC-A062-6FFB6949A4FB}.Release|Any CPU.Build.0 = Release|Any CPU
		{9D5F1D9F-D12F-486D-AEC7-70F83657CA63}.Debug|Any CPU.ActiveCfg = Debug|Any CPU
		{9D5F1D9F-D12F-486D-AEC7-70F83657CA63}.Debug|Any CPU.Build.0 = Debug|Any CPU
		{9D5F1D9F-D12F-486D-AEC7-70F83657CA63}.Release|Any CPU.ActiveCfg = Release|Any CPU
		{9D5F1D9F-D12F-486D-AEC7-70F83657CA63}.Release|Any CPU.Build.0 = Release|Any CPU
		{D56A8843-0C25-41D0-9E16-AF2794873ADB}.Debug|Any CPU.ActiveCfg = Debug|Any CPU
		{D56A8843-0C25-41D0-9E16-AF2794873ADB}.Debug|Any CPU.Build.0 = Debug|Any CPU
		{D56A8843-0C25-41D0-9E16-AF2794873ADB}.Release|Any CPU.ActiveCfg = Release|Any CPU
		{D56A8843-0C25-41D0-9E16-AF2794873ADB}.Release|Any CPU.Build.0 = Release|Any CPU
	EndGlobalSection
	GlobalSection(SolutionProperties) = preSolution
		HideSolutionNode = FALSE
	EndGlobalSection
	GlobalSection(ExtensibilityGlobals) = postSolution
		SolutionGuid = {6F803B85-727A-4742-8710-BA6636991EFA}
	EndGlobalSection
EndGlobal
