
Microsoft Visual Studio Solution File, Format Version 12.00
# Visual Studio Version 16
VisualStudioVersion = 16.0.30204.135
MinimumVisualStudioVersion = 10.0.40219.1
Project("{FAE04EC0-301F-11D3-BF4B-00C04F79EFBC}") = "printserverthermalapplication", "printserverthermalapplication.csproj", "{D3D4F6F2-3CC7-41AD-9417-76FB3F3DFC0C}"
EndProject
Global
	GlobalSection(SolutionConfigurationPlatforms) = preSolution
		Debug|Any CPU = Debug|Any CPU
		Release|Any CPU = Release|Any CPU
	EndGlobalSection
	GlobalSection(ProjectConfigurationPlatforms) = postSolution
		{D3D4F6F2-3CC7-41AD-9417-76FB3F3DFC0C}.Debug|Any CPU.ActiveCfg = Debug|Any CPU
		{D3D4F6F2-3CC7-41AD-9417-76FB3F3DFC0C}.Debug|Any CPU.Build.0 = Debug|Any CPU
		{D3D4F6F2-3CC7-41AD-9417-76FB3F3DFC0C}.Release|Any CPU.ActiveCfg = Release|Any CPU
		{D3D4F6F2-3CC7-41AD-9417-76FB3F3DFC0C}.Release|Any CPU.Build.0 = Release|Any CPU
	EndGlobalSection
	GlobalSection(SolutionProperties) = preSolution
		HideSolutionNode = FALSE
	EndGlobalSection
	GlobalSection(ExtensibilityGlobals) = postSolution
		SolutionGuid = {63159164-E92C-42DE-AD35-195AEFC8311F}
	EndGlobalSection
EndGlobal
